
Microsoft Visual Studio Solution File, Format Version 12.00
# Visual Studio 15
VisualStudioVersion = 15.0.28010.2046
MinimumVisualStudioVersion = 10.0.40219.1
Project("{FAE04EC0-301F-11D3-BF4B-00C04F79EFBC}") = "ConsoleApp1", "ConsoleApp1\ConsoleApp1.csproj", "{715AFB78-7E42-472F-B8A8-ADE68A17EA18}"
EndProject
Global
	GlobalSection(SolutionConfigurationPlatforms) = preSolution
		Debug|Any CPU = Debug|Any CPU
		Release|Any CPU = Release|Any CPU
	EndGlobalSection
	GlobalSection(ProjectConfigurationPlatforms) = postSolution
		{715AFB78-7E42-472F-B8A8-ADE68A17EA18}.Debug|Any CPU.ActiveCfg = Debug|Any CPU
		{715AFB78-7E42-472F-B8A8-ADE68A17EA18}.Debug|Any CPU.Build.0 = Debug|Any CPU
		{715AFB78-7E42-472F-B8A8-ADE68A17EA18}.Release|Any CPU.ActiveCfg = Release|Any CPU
		{715AFB78-7E42-472F-B8A8-ADE68A17EA18}.Release|Any CPU.Build.0 = Release|Any CPU
	EndGlobalSection
	GlobalSection(SolutionProperties) = preSolution
		HideSolutionNode = FALSE
	EndGlobalSection
	GlobalSection(ExtensibilityGlobals) = postSolution
		SolutionGuid = {8A9A5C27-674D-4373-9120-36FD60C83E44}
	EndGlobalSection
EndGlobal
